github.com/aperturerobotics/common v0.21.2 h1:fqnPL5Oovpd8nDaNBYGiD1UpZhcH/JfpsS8gt5iBDyA=
github.com/aperturerobotics/common v0.21.2/go.mod h1:FrecdNcsYvVS8RcWCR8FUkKFh+XmouFOYKHpBdMqqBA=
github.com/aperturerobotics/common v0.22.4 h1:y0Xxsz0oau3/IEbFev8SPfiaA9ZKhMlizQmkn7936jM=
github.com/aperturerobotics/common v0.22.4/go.mod h1:wsPfDVCTNpGHddg/MSfm84rKoO4GAvb+TQtATXz+pKY=
github.com/xrash/smetrics v0.0.0-20240521201337-686a1a2994c1 h1:gEOO8jv9F4OT7lGCjxCBTO/36wtF6j2nSip77qHd4x4=
github.com/xrash/smetrics v0.0.0-20240521201337-686a1a2994c1/go.mod h1:Ohn+xnUBiLI6FVj/9LpzZWtj1/D6lUovWYBkxHVV3aM=
